
Microsoft Visual Studio Solution File, Format Version 12.00
Project("{FAE04EC0-301F-11D3-BF4B-00C04F79EFBC}") = "laskupeli", "laskupeli\laskupeli.csproj", "{34337C92-AF4C-4141-9685-D199298BC077}"
EndProject
Global
	GlobalSection(SolutionConfigurationPlatforms) = preSolution
		Debug|Any CPU = Debug|Any CPU
		Release|Any CPU = Release|Any CPU
	EndGlobalSection
	GlobalSection(ProjectConfigurationPlatforms) = postSolution
		{34337C92-AF4C-4141-9685-D199298BC077}.Debug|Any CPU.ActiveCfg = Debug|Any CPU
		{34337C92-AF4C-4141-9685-D199298BC077}.Debug|Any CPU.Build.0 = Debug|Any CPU
		{34337C92-AF4C-4141-9685-D199298BC077}.Release|Any CPU.ActiveCfg = Release|Any CPU
		{34337C92-AF4C-4141-9685-D199298BC077}.Release|Any CPU.Build.0 = Release|Any CPU
	EndGlobalSection
EndGlobal
